
Microsoft Visual Studio Solution File, Format Version 12.00
# Visual Studio 15
VisualStudioVersion = 15.0.28010.2019
MinimumVisualStudioVersion = 10.0.40219.1
Project("{FAE04EC0-301F-11D3-BF4B-00C04F79EFBC}") = "Timeline.Desktop", "Timeline.Desktop\Timeline.Desktop.csproj", "{A1CCE694-12CC-458B-BCD4-802E458F664E}"
EndProject
Project("{FAE04EC0-301F-11D3-BF4B-00C04F79EFBC}") = "Timeline.Data", "Timeline.Data\Timeline.Data.csproj", "{7BD7C346-0EC2-4782-BDF0-966F99869065}"
EndProject
Project("{FAE04EC0-301F-11D3-BF4B-00C04F79EFBC}") = "Timeline.Tests", "Timeline.Tests\Timeline.Tests.csproj", "{0BE1F69D-2EF7-4459-AA9B-1DCD3B60783A}"
EndProject
Global
	GlobalSection(SolutionConfigurationPlatforms) = preSolution
		Debug|Any CPU = Debug|Any CPU
		Release|Any CPU = Release|Any CPU
	EndGlobalSection
	GlobalSection(ProjectConfigurationPlatforms) = postSolution
		{A1CCE694-12CC-458B-BCD4-802E458F664E}.Debug|Any CPU.ActiveCfg = Debug|Any CPU
		{A1CCE694-12CC-458B-BCD4-802E458F664E}.Debug|Any CPU.Build.0 = Debug|Any CPU
		{A1CCE694-12CC-458B-BCD4-802E458F664E}.Release|Any CPU.ActiveCfg = Release|Any CPU
		{A1CCE694-12CC-458B-BCD4-802E458F664E}.Release|Any CPU.Build.0 = Release|Any CPU
		{7BD7C346-0EC2-4782-BDF0-966F99869065}.Debug|Any CPU.ActiveCfg = Debug|Any CPU
		{7BD7C346-0EC2-4782-BDF0-966F99869065}.Debug|Any CPU.Build.0 = Debug|Any CPU
		{7BD7C346-0EC2-4782-BDF0-966F99869065}.Release|Any CPU.ActiveCfg = Release|Any CPU
		{7BD7C346-0EC2-4782-BDF0-966F99869065}.Release|Any CPU.Build.0 = Release|Any CPU
		{0BE1F69D-2EF7-4459-AA9B-1DCD3B60783A}.Debug|Any CPU.ActiveCfg = Debug|Any CPU
		{0BE1F69D-2EF7-4459-AA9B-1DCD3B60783A}.Debug|Any CPU.Build.0 = Debug|Any CPU
		{0BE1F69D-2EF7-4459-AA9B-1DCD3B60783A}.Release|Any CPU.ActiveCfg = Release|Any CPU
		{0BE1F69D-2EF7-4459-AA9B-1DCD3B60783A}.Release|Any CPU.Build.0 = Release|Any CPU
	EndGlobalSection
	GlobalSection(SolutionProperties) = preSolution
		HideSolutionNode = FALSE
	EndGlobalSection
	GlobalSection(ExtensibilityGlobals) = postSolution
		SolutionGuid = {502E5B52-AED6-429F-9BB2-4BC54B2EC934}
	EndGlobalSection
EndGlobal
